
Microsoft Visual Studio Solution File, Format Version 12.00
# Visual Studio 2013
VisualStudioVersion = 12.0.31101.0
MinimumVisualStudioVersion = 10.0.40219.1
Project("{FAE04EC0-301F-11D3-BF4B-00C04F79EFBC}") = "usmooth.app", "usmooth.app\usmooth.app.csproj", "{24A97835-7542-4545-A391-8F108DBF81D4}"
	ProjectSection(ProjectDependencies) = postProject
		{EB918101-869A-4419-9498-4D81603C6003} = {EB918101-869A-4419-9498-4D81603C6003}
	EndProjectSection
EndProject
Project("{FAE04EC0-301F-11D3-BF4B-00C04F79EFBC}") = "usmooth.testserver", "usmooth.testserver\usmooth.testserver.csproj", "{EFEDE750-CBDB-4399-8CF4-D239335BB6C4}"
	ProjectSection(ProjectDependencies) = postProject
		{EB918101-869A-4419-9498-4D81603C6003} = {EB918101-869A-4419-9498-4D81603C6003}
	EndProjectSection
EndProject
Project("{FAE04EC0-301F-11D3-BF4B-00C04F79EFBC}") = "usmooth.common", "usmooth.common\usmooth.common.csproj", "{EB918101-869A-4419-9498-4D81603C6003}"
EndProject
Global
	GlobalSection(SolutionConfigurationPlatforms) = preSolution
		Debug|Any CPU = Debug|Any CPU
		Release|Any CPU = Release|Any CPU
	EndGlobalSection
	GlobalSection(ProjectConfigurationPlatforms) = postSolution
		{24A97835-7542-4545-A391-8F108DBF81D4}.Debug|Any CPU.ActiveCfg = Debug|Any CPU
		{24A97835-7542-4545-A391-8F108DBF81D4}.Debug|Any CPU.Build.0 = Debug|Any CPU
		{24A97835-7542-4545-A391-8F108DBF81D4}.Release|Any CPU.ActiveCfg = Release|Any CPU
		{24A97835-7542-4545-A391-8F108DBF81D4}.Release|Any CPU.Build.0 = Release|Any CPU
		{EFEDE750-CBDB-4399-8CF4-D239335BB6C4}.Debug|Any CPU.ActiveCfg = Debug|Any CPU
		{EFEDE750-CBDB-4399-8CF4-D239335BB6C4}.Debug|Any CPU.Build.0 = Debug|Any CPU
		{EFEDE750-CBDB-4399-8CF4-D239335BB6C4}.Release|Any CPU.ActiveCfg = Release|Any CPU
		{EFEDE750-CBDB-4399-8CF4-D239335BB6C4}.Release|Any CPU.Build.0 = Release|Any CPU
		{EB918101-869A-4419-9498-4D81603C6003}.Debug|Any CPU.ActiveCfg = Debug|Any CPU
		{EB918101-869A-4419-9498-4D81603C6003}.Debug|Any CPU.Build.0 = Debug|Any CPU
		{EB918101-869A-4419-9498-4D81603C6003}.Release|Any CPU.ActiveCfg = Release|Any CPU
		{EB918101-869A-4419-9498-4D81603C6003}.Release|Any CPU.Build.0 = Release|Any CPU
	EndGlobalSection
	GlobalSection(SolutionProperties) = preSolution
		HideSolutionNode = FALSE
	EndGlobalSection
EndGlobal
