
Microsoft Visual Studio Solution File, Format Version 12.00
# Visual Studio 2013
VisualStudioVersion = 12.0.31101.0
MinimumVisualStudioVersion = 10.0.40219.1
Project("{FAE04EC0-301F-11D3-BF4B-00C04F79EFBC}") = "usmooth.app", "usmooth.app\usmooth.app.csproj", "{24A97835-7542-4545-A391-8F108DBF81D4}"
	ProjectSection(ProjectDependencies) = postProject
		{FD3BFA29-031D-4CD9-B82B-653519423735} = {FD3BFA29-031D-4CD9-B82B-653519423735}
	EndProjectSection
EndProject
Project("{2150E333-8FDC-42A3-9474-1A3956D46DE8}") = ".nuget", ".nuget", "{BAE3AF35-0011-4D9B-B0E1-C69DB8D8A85D}"
	ProjectSection(SolutionItems) = preProject
		.nuget\NuGet.Config = .nuget\NuGet.Config
		.nuget\NuGet.exe = .nuget\NuGet.exe
		.nuget\NuGet.targets = .nuget\NuGet.targets
	EndProjectSection
EndProject
Project("{FAE04EC0-301F-11D3-BF4B-00C04F79EFBC}") = "usmooth.common", "usmooth.common\usmooth.common.csproj", "{FD3BFA29-031D-4CD9-B82B-653519423735}"
EndProject
Global
	GlobalSection(SolutionConfigurationPlatforms) = preSolution
		Debug|Any CPU = Debug|Any CPU
		Release|Any CPU = Release|Any CPU
	EndGlobalSection
	GlobalSection(ProjectConfigurationPlatforms) = postSolution
		{24A97835-7542-4545-A391-8F108DBF81D4}.Debug|Any CPU.ActiveCfg = Debug|Any CPU
		{24A97835-7542-4545-A391-8F108DBF81D4}.Debug|Any CPU.Build.0 = Debug|Any CPU
		{24A97835-7542-4545-A391-8F108DBF81D4}.Release|Any CPU.ActiveCfg = Release|Any CPU
		{24A97835-7542-4545-A391-8F108DBF81D4}.Release|Any CPU.Build.0 = Release|Any CPU
		{FD3BFA29-031D-4CD9-B82B-653519423735}.Debug|Any CPU.ActiveCfg = Debug|Any CPU
		{FD3BFA29-031D-4CD9-B82B-653519423735}.Debug|Any CPU.Build.0 = Debug|Any CPU
		{FD3BFA29-031D-4CD9-B82B-653519423735}.Release|Any CPU.ActiveCfg = Release|Any CPU
		{FD3BFA29-031D-4CD9-B82B-653519423735}.Release|Any CPU.Build.0 = Release|Any CPU
	EndGlobalSection
	GlobalSection(SolutionProperties) = preSolution
		HideSolutionNode = FALSE
	EndGlobalSection
EndGlobal
